// !$*UTF8*$!
{
	archiveVersion = 1;
	classes = {
	};
	objectVersion = 46;
	objects = {

/* Begin PBXBuildFile section */
		3E28DD451C2128C5001AA12C /* reflection.jpg in Resources */ = {isa = PBXBuildFile; fileRef = 3E28DD441C2128C5001AA12C /* reflection.jpg */; };
		3E6349D31C1FFB1600DEB44A /* bumpMap.jpg in Resources */ = {isa = PBXBuildFile; fileRef = 3E6349D21C1FFB1600DEB44A /* bumpMap.jpg */; };
		3ED74A181C1FD2870081169A /* AppDelegate.swift in Sources */ = {isa = PBXBuildFile; fileRef = 3ED74A171C1FD2870081169A /* AppDelegate.swift */; };
		3ED74A1A1C1FD2870081169A /* ViewController.swift in Sources */ = {isa = PBXBuildFile; fileRef = 3ED74A191C1FD2870081169A /* ViewController.swift */; };
		3ED74A1D1C1FD2870081169A /* Main.storyboard in Resources */ = {isa = PBXBuildFile; fileRef = 3ED74A1B1C1FD2870081169A /* Main.storyboard */; };
		3ED74A1F1C1FD2870081169A /* Assets.xcassets in Resources */ = {isa = PBXBuildFile; fileRef = 3ED74A1E1C1FD2870081169A /* Assets.xcassets */; };
		3ED74A221C1FD2870081169A /* LaunchScreen.storyboard in Resources */ = {isa = PBXBuildFile; fileRef = 3ED74A201C1FD2870081169A /* LaunchScreen.storyboard */; };
/* End PBXBuildFile section */

/* Begin PBXFileReference section */
		3E28DD441C2128C5001AA12C /* reflection.jpg */ = {isa = PBXFileReference; lastKnownFileType = image.jpeg; name = reflection.jpg; path = assets/reflection.jpg; sourceTree = "<group>"; };
		3E6349D21C1FFB1600DEB44A /* bumpMap.jpg */ = {isa = PBXFileReference; lastKnownFileType = image.jpeg; name = bumpMap.jpg; path = assets/bumpMap.jpg; sourceTree = "<group>"; };
		3ED74A141C1FD2870081169A /* Christmas-Tree-Bowling.app */ = {isa = PBXFileReference; explicitFileType = wrapper.application; includeInIndex = 0; path = "Christmas-Tree-Bowling.app"; sourceTree = BUILT_PRODUCTS_DIR; };
		3ED74A171C1FD2870081169A /* AppDelegate.swift */ = {isa = PBXFileReference; lastKnownFileType = sourcecode.swift; path = AppDelegate.swift; sourceTree = "<group>"; };
		3ED74A191C1FD2870081169A /* ViewController.swift */ = {isa = PBXFileReference; lastKnownFileType = sourcecode.swift; path = ViewController.swift; sourceTree = "<group>"; };
		3ED74A1C1C1FD2870081169A /* Base */ = {isa = PBXFileReference; lastKnownFileType = file.storyboard; name = Base; path = Base.lproj/Main.storyboard; sourceTree = "<group>"; };
		3ED74A1E1C1FD2870081169A /* Assets.xcassets */ = {isa = PBXFileReference; lastKnownFileType = folder.assetcatalog; path = Assets.xcassets; sourceTree = "<group>"; };
		3ED74A211C1FD2870081169A /* Base */ = {isa = PBXFileReference; lastKnownFileType = file.storyboard; name = Base; path = Base.lproj/LaunchScreen.storyboard; sourceTree = "<group>"; };
		3ED74A231C1FD2870081169A /* Info.plist */ = {isa = PBXFileReference; lastKnownFileType = text.plist.xml; path = Info.plist; sourceTree = "<group>"; };
/* End PBXFileReference section */

/* Begin PBXFrameworksBuildPhase section */
		3ED74A111C1FD2870081169A /* Frameworks */ = {
			isa = PBXFrameworksBuildPhase;
			buildActionMask = 2147483647;
			files = (
			);
			runOnlyForDeploymentPostprocessing = 0;
		};
/* End PBXFrameworksBuildPhase section */

/* Begin PBXGroup section */
		3E6349D11C1FFB0900DEB44A /* assets */ = {
			isa = PBXGroup;
			children = (
				3E28DD441C2128C5001AA12C /* reflection.jpg */,
				3E6349D21C1FFB1600DEB44A /* bumpMap.jpg */,
			);
			name = assets;
			sourceTree = "<group>";
		};
		3ED74A0B1C1FD2870081169A = {
			isa = PBXGroup;
			children = (
				3ED74A161C1FD2870081169A /* Christmas-Tree-Bowling */,
				3ED74A151C1FD2870081169A /* Products */,
			);
			sourceTree = "<group>";
		};
		3ED74A151C1FD2870081169A /* Products */ = {
			isa = PBXGroup;
			children = (
				3ED74A141C1FD2870081169A /* Christmas-Tree-Bowling.app */,
			);
			name = Products;
			sourceTree = "<group>";
		};
		3ED74A161C1FD2870081169A /* Christmas-Tree-Bowling */ = {
			isa = PBXGroup;
			children = (
				3E6349D11C1FFB0900DEB44A /* assets */,
				3ED74A171C1FD2870081169A /* AppDelegate.swift */,
				3ED74A191C1FD2870081169A /* ViewController.swift */,
				3ED74A1B1C1FD2870081169A /* Main.storyboard */,
				3ED74A1E1C1FD2870081169A /* Assets.xcassets */,
				3ED74A201C1FD2870081169A /* LaunchScreen.storyboard */,
				3ED74A231C1FD2870081169A /* Info.plist */,
			);
			path = "Christmas-Tree-Bowling";
			sourceTree = "<group>";
		};
/* End PBXGroup section */

/* Begin PBXNativeTarget section */
		3ED74A131C1FD2870081169A /* Christmas-Tree-Bowling */ = {
			isa = PBXNativeTarget;
			buildConfigurationList = 3ED74A261C1FD2870081169A /* Build configuration list for PBXNativeTarget "Christmas-Tree-Bowling" */;
			buildPhases = (
				3ED74A101C1FD2870081169A /* Sources */,
				3ED74A111C1FD2870081169A /* Frameworks */,
				3ED74A121C1FD2870081169A /* Resources */,
			);
			buildRules = (
			);
			dependencies = (
			);
			name = "Christmas-Tree-Bowling";
			productName = "Christmas-Tree-Bowling";
			productReference = 3ED74A141C1FD2870081169A /* Christmas-Tree-Bowling.app */;
			productType = "com.apple.product-type.application";
		};
/* End PBXNativeTarget section */

/* Begin PBXProject section */
		3ED74A0C1C1FD2870081169A /* Project object */ = {
			isa = PBXProject;
			attributes = {
				LastSwiftUpdateCheck = 0720;
				LastUpgradeCheck = 0720;
				ORGANIZATIONNAME = "Simon Gladman";
				TargetAttributes = {
					3ED74A131C1FD2870081169A = {
						CreatedOnToolsVersion = 7.2;
					};
				};
			};
			buildConfigurationList = 3ED74A0F1C1FD2870081169A /* Build configuration list for PBXProject "Christmas-Tree-Bowling" */;
			compatibilityVersion = "Xcode 3.2";
			developmentRegion = English;
			hasScannedForEncodings = 0;
			knownRegions = (
				en,
				Base,
			);
			mainGroup = 3ED74A0B1C1FD2870081169A;
			productRefGroup = 3ED74A151C1FD2870081169A /* Products */;
			projectDirPath = "";
			projectRoot = "";
			targets = (
				3ED74A131C1FD2870081169A /* Christmas-Tree-Bowling */,
			);
		};
/* End PBXProject section */

/* Begin PBXResourcesBuildPhase section */
		3ED74A121C1FD2870081169A /* Resources */ = {
			isa = PBXResourcesBuildPhase;
			buildActionMask = 2147483647;
			files = (
				3E6349D31C1FFB1600DEB44A /* bumpMap.jpg in Resources */,
				3ED74A221C1FD2870081169A /* LaunchScreen.storyboard in Resources */,
				3ED74A1F1C1FD2870081169A /* Assets.xcassets in Resources */,
				3ED74A1D1C1FD2870081169A /* Main.storyboard in Resources */,
				3E28DD451C2128C5001AA12C /* reflection.jpg in Resources */,
			);
			runOnlyForDeploymentPostprocessing = 0;
		};
/* End PBXResourcesBuildPhase section */

/* Begin PBXSourcesBuildPhase section */
		3ED74A101C1FD2870081169A /* Sources */ = {
			isa = PBXSourcesBuildPhase;
			buildActionMask = 2147483647;
			files = (
				3ED74A1A1C1FD2870081169A /* ViewController.swift in Sources */,
				3ED74A181C1FD2870081169A /* AppDelegate.swift in Sources */,
			);
			runOnlyForDeploymentPostprocessing = 0;
		};
/* End PBXSourcesBuildPhase section */

/* Begin PBXVariantGroup section */
		3ED74A1B1C1FD2870081169A /* Main.storyboard */ = {
			isa = PBXVariantGroup;
			children = (
				3ED74A1C1C1FD2870081169A /* Base */,
			);
			name = Main.storyboard;
			sourceTree = "<group>";
		};
		3ED74A201C1FD2870081169A /* LaunchScreen.storyboard */ = {
			isa = PBXVariantGroup;
			children = (
				3ED74A211C1FD2870081169A /* Base */,
			);
			name = LaunchScreen.storyboard;
			sourceTree = "<group>";
		};
/* End PBXVariantGroup section */

/* Begin XCBuildConfiguration section */
		3ED74A241C1FD2870081169A /* Debug */ = {
			isa = XCBuildConfiguration;
			buildSettings = {
				ALWAYS_SEARCH_USER_PATHS = NO;
				CLANG_CXX_LANGUAGE_STANDARD = "gnu++0x";
				CLANG_CXX_LIBRARY = "libc++";
				CLANG_ENABLE_MODULES = YES;
				CLANG_ENABLE_OBJC_ARC = YES;
				CLANG_WARN_BOOL_CONVERSION = YES;
				CLANG_WARN_CONSTANT_CONVERSION = YES;
				CLANG_WARN_DIRECT_OBJC_ISA_USAGE = YES_ERROR;
				CLANG_WARN_EMPTY_BODY = YES;
				CLANG_WARN_ENUM_CONVERSION = YES;
				CLANG_WARN_INT_CONVERSION = YES;
				CLANG_WARN_OBJC_ROOT_CLASS = YES_ERROR;
				CLANG_WARN_UNREACHABLE_CODE = YES;
				CLANG_WARN__DUPLICATE_METHOD_MATCH = YES;
				"CODE_SIGN_IDENTITY[sdk=iphoneos*]" = "iPhone Developer";
				COPY_PHASE_STRIP = NO;
				DEBUG_INFORMATION_FORMAT = dwarf;
				ENABLE_STRICT_OBJC_MSGSEND = YES;
				ENABLE_TESTABILITY = YES;
				GCC_C_LANGUAGE_STANDARD = gnu99;
				GCC_DYNAMIC_NO_PIC = NO;
				GCC_NO_COMMON_BLOCKS = YES;
				GCC_OPTIMIZATION_LEVEL = 0;
				GCC_PREPROCESSOR_DEFINITIONS = (
					"DEBUG=1",
					"$(inherited)",
				);
				GCC_WARN_64_TO_32_BIT_CONVERSION = YES;
				GCC_WARN_ABOUT_RETURN_TYPE = YES_ERROR;
				GCC_WARN_UNDECLARED_SELECTOR = YES;
				GCC_WARN_UNINITIALIZED_AUTOS = YES_AGGRESSIVE;
				GCC_WARN_UNUSED_FUNCTION = YES;
				GCC_WARN_UNUSED_VARIABLE = YES;
				IPHONEOS_DEPLOYMENT_TARGET = 9.2;
				MTL_ENABLE_DEBUG_INFO = YES;
				ONLY_ACTIVE_ARCH = YES;
				SDKROOT = iphoneos;
				SWIFT_OPTIMIZATION_LEVEL = "-Onone";
				TARGETED_DEVICE_FAMILY = 2;
			};
			name = Debug;
		};
		3ED74A251C1FD2870081169A /* Release */ = {
			isa = XCBuildConfiguration;
			buildSettings = {
				ALWAYS_SEARCH_USER_PATHS = NO;
				CLANG_CXX_LANGUAGE_STANDARD = "gnu++0x";
				CLANG_CXX_LIBRARY = "libc++";
				CLANG_ENABLE_MODULES = YES;
				CLANG_ENABLE_OBJC_ARC = YES;
				CLANG_WARN_BOOL_CONVERSION = YES;
				CLANG_WARN_CONSTANT_CONVERSION = YES;
				CLANG_WARN_DIRECT_OBJC_ISA_USAGE = YES_ERROR;
				CLANG_WARN_EMPTY_BODY = YES;
				CLANG_WARN_ENUM_CONVERSION = YES;
				CLANG_WARN_INT_CONVERSION = YES;
				CLANG_WARN_OBJC_ROOT_CLASS = YES_ERROR;
				CLANG_WARN_UNREACHABLE_CODE = YES;
				CLANG_WARN__DUPLICATE_METHOD_MATCH = YES;
				"CODE_SIGN_IDENTITY[sdk=iphoneos*]" = "iPhone Developer";
				COPY_PHASE_STRIP = NO;
				DEBUG_INFORMATION_FORMAT = "dwarf-with-dsym";
				ENABLE_NS_ASSERTIONS = NO;
				ENABLE_STRICT_OBJC_MSGSEND = YES;
				GCC_C_LANGUAGE_STANDARD = gnu99;
				GCC_NO_COMMON_BLOCKS = YES;
				GCC_WARN_64_TO_32_BIT_CONVERSION = YES;
				GCC_WARN_ABOUT_RETURN_TYPE = YES_ERROR;
				GCC_WARN_UNDECLARED_SELECTOR = YES;
				GCC_WARN_UNINITIALIZED_AUTOS = YES_AGGRESSIVE;
				GCC_WARN_UNUSED_FUNCTION = YES;
				GCC_WARN_UNUSED_VARIABLE = YES;
				IPHONEOS_DEPLOYMENT_TARGET = 9.2;
				MTL_ENABLE_DEBUG_INFO = NO;
				SDKROOT = iphoneos;
				TARGETED_DEVICE_FAMILY = 2;
				VALIDATE_PRODUCT = YES;
			};
			name = Release;
		};
		3ED74A271C1FD2870081169A /* Debug */ = {
			isa = XCBuildConfiguration;
			buildSettings = {
				ASSETCATALOG_COMPILER_APPICON_NAME = AppIcon;
				INFOPLIST_FILE = "Christmas-Tree-Bowling/Info.plist";
				LD_RUNPATH_SEARCH_PATHS = "$(inherited) @executable_path/Frameworks";
				PRODUCT_BUNDLE_IDENTIFIER = "uk.co.flexmonkey.Christmas-Tree-Bowling";
				PRODUCT_NAME = "$(TARGET_NAME)";
			};
			name = Debug;
		};
		3ED74A281C1FD2870081169A /* Release */ = {
			isa = XCBuildConfiguration;
			buildSettings = {
				ASSETCATALOG_COMPILER_APPICON_NAME = AppIcon;
				INFOPLIST_FILE = "Christmas-Tree-Bowling/Info.plist";
				LD_RUNPATH_SEARCH_PATHS = "$(inherited) @executable_path/Frameworks";
				PRODUCT_BUNDLE_IDENTIFIER = "uk.co.flexmonkey.Christmas-Tree-Bowling";
				PRODUCT_NAME = "$(TARGET_NAME)";
			};
			name = Release;
		};
/* End XCBuildConfiguration section */

/* Begin XCConfigurationList section */
		3ED74A0F1C1FD2870081169A /* Build configuration list for PBXProject "Christmas-Tree-Bowling" */ = {
			isa = XCConfigurationList;
			buildConfigurations = (
				3ED74A241C1FD2870081169A /* Debug */,
				3ED74A251C1FD2870081169A /* Release */,
			);
			defaultConfigurationIsVisible = 0;
			defaultConfigurationName = Release;
		};
		3ED74A261C1FD2870081169A /* Build configuration list for PBXNativeTarget "Christmas-Tree-Bowling" */ = {
			isa = XCConfigurationList;
			buildConfigurations = (
				3ED74A271C1FD2870081169A /* Debug */,
				3ED74A281C1FD2870081169A /* Release */,
			);
			defaultConfigurationIsVisible = 0;
			defaultConfigurationName = Release;
		};
/* End XCConfigurationList section */
	};
	rootObject = 3ED74A0C1C1FD2870081169A /* Project object */;
}
